
Microsoft Visual Studio Solution File, Format Version 12.00
# Visual Studio Version 16
VisualStudioVersion = 16.0.29728.190
MinimumVisualStudioVersion = 10.0.40219.1
Project("{9A19103F-16F7-4668-BE54-9A1E7A4F7556}") = "KubernetesNetworkTest.Web", "KubernetesNetworkTest.Web\KubernetesNetworkTest.Web.csproj", "{E1677266-EC5C-4ACA-B592-FD6113FD98CC}"
EndProject
Project("{FAE04EC0-301F-11D3-BF4B-00C04F79EFBC}") = "KubernetesNetworkTest.Console", "KubernetesNetworkTest.Console\KubernetesNetworkTest.Console.csproj", "{FD8F294D-A8F9-4DCD-8BB6-B5A1534CA33F}"
EndProject
Global
	GlobalSection(SolutionConfigurationPlatforms) = preSolution
		Debug|Any CPU = Debug|Any CPU
		Release|Any CPU = Release|Any CPU
	EndGlobalSection
	GlobalSection(ProjectConfigurationPlatforms) = postSolution
		{E1677266-EC5C-4ACA-B592-FD6113FD98CC}.Debug|Any CPU.ActiveCfg = Debug|Any CPU
		{E1677266-EC5C-4ACA-B592-FD6113FD98CC}.Debug|Any CPU.Build.0 = Debug|Any CPU
		{E1677266-EC5C-4ACA-B592-FD6113FD98CC}.Release|Any CPU.ActiveCfg = Release|Any CPU
		{E1677266-EC5C-4ACA-B592-FD6113FD98CC}.Release|Any CPU.Build.0 = Release|Any CPU
		{FD8F294D-A8F9-4DCD-8BB6-B5A1534CA33F}.Debug|Any CPU.ActiveCfg = Debug|Any CPU
		{FD8F294D-A8F9-4DCD-8BB6-B5A1534CA33F}.Debug|Any CPU.Build.0 = Debug|Any CPU
		{FD8F294D-A8F9-4DCD-8BB6-B5A1534CA33F}.Release|Any CPU.ActiveCfg = Release|Any CPU
		{FD8F294D-A8F9-4DCD-8BB6-B5A1534CA33F}.Release|Any CPU.Build.0 = Release|Any CPU
	EndGlobalSection
	GlobalSection(SolutionProperties) = preSolution
		HideSolutionNode = FALSE
	EndGlobalSection
	GlobalSection(ExtensibilityGlobals) = postSolution
		SolutionGuid = {9227EB7C-00A2-416F-924B-9A32561D00E2}
	EndGlobalSection
EndGlobal
